# THIS IS AN AUTOGENERATED FILE. DO NOT EDIT THIS FILE DIRECTLY.
# yarn lockfile v1


"@commercetools/platform-sdk@^1.19.0":
  "integrity" "sha512-0YGqwuoyYrjtBZkFYUrI7Cc7RgJl9KSfKz+3iIOnwtKbWrk+fXC8gBbmHEpcMIeZDJbXGKM1FCwR7CBPnjCplQ=="
  "resolved" "https://registry.npmjs.org/@commercetools/platform-sdk/-/platform-sdk-1.19.0.tgz"
  "version" "1.19.0"
  dependencies:
    "@commercetools/sdk-client" "^2.1.1"
    "@commercetools/sdk-middleware-auth" "^6.0.4"
    "@commercetools/sdk-middleware-http" "^6.0.4"
    "@commercetools/sdk-middleware-logger" "^2.1.1"
    "querystring" "^0.2.1"

"@commercetools/sdk-client-v2@^0.2.0":
  "integrity" "sha512-+bhhxtfIXyFQFiAU2wzMQ18K06RLFBQo9Ye5e0FsVQDg870dOfqBJZgOJ+2mmy6bRGbQ2h03wl2VkTTX0rO4tA=="
  "resolved" "https://registry.npmjs.org/@commercetools/sdk-client-v2/-/sdk-client-v2-0.2.0.tgz"
  "version" "0.2.0"
  dependencies:
    "node-fetch" "^2.6.1"
    "querystring" "^0.2.1"

"@commercetools/sdk-client@^2.1.1":
  "integrity" "sha512-YPpK39pkjfedjS1/BFg2d7CrvTeN7vIS5vfiqEkKOtAoUxiNkugv59gRSoh2Em8SOccxyM/skpgHyTqfmJzXug=="
  "resolved" "https://registry.npmjs.org/@commercetools/sdk-client/-/sdk-client-2.1.2.tgz"
  "version" "2.1.2"

"@commercetools/sdk-middleware-auth@^6.0.4":
  "integrity" "sha512-49R1DWsA+pNHH7/2K6QU5wnJSXabljKA8dvzs5HcbLwutlDp3Io0XHgIJa9qpfYhgW6k0h9dPICcLbESrQBXYw=="
  "resolved" "https://registry.npmjs.org/@commercetools/sdk-middleware-auth/-/sdk-middleware-auth-6.1.4.tgz"
  "version" "6.1.4"
  dependencies:
    "node-fetch" "^2.3.0"

"@commercetools/sdk-middleware-http@^6.0.4":
  "integrity" "sha512-j/k66riaQv50Y3iK0CLJglHh56id7PfxGIDyL0PjlLSkQe2TPVGFnM//CZAQ8a6fHT9adQYLxDMYqlb1nWEDZw=="
  "resolved" "https://registry.npmjs.org/@commercetools/sdk-middleware-http/-/sdk-middleware-http-6.1.0.tgz"
  "version" "6.1.0"

"@commercetools/sdk-middleware-logger@^2.1.1":
  "integrity" "sha512-k/Jm3lsWbszPBHtPAvu0rINTq398p4ddv0zbAH8R4p6Yc1GkBEy6tNgHPzX/eFskI/qerPy9IsW1xK8pqgtHHQ=="
  "resolved" "https://registry.npmjs.org/@commercetools/sdk-middleware-logger/-/sdk-middleware-logger-2.1.1.tgz"
  "version" "2.1.1"

"@cspotcode/source-map-consumer@0.8.0":
  "integrity" "sha512-41qniHzTU8yAGbCp04ohlmSrZf8bkf/iJsl3V0dRGsQN/5GFfx+LbCSsCpp2gqrqjTVg/K6O8ycoV35JIwAzAg=="
  "resolved" "https://registry.npmjs.org/@cspotcode/source-map-consumer/-/source-map-consumer-0.8.0.tgz"
  "version" "0.8.0"

"@cspotcode/source-map-support@0.7.0":
  "integrity" "sha512-X4xqRHqN8ACt2aHVe51OxeA2HjbcL4MqFqXkrmQszJ1NOUuUu5u6Vqx/0lZSVNku7velL5FC/s5uEAj1lsBMhA=="
  "resolved" "https://registry.npmjs.org/@cspotcode/source-map-support/-/source-map-support-0.7.0.tgz"
  "version" "0.7.0"
  dependencies:
    "@cspotcode/source-map-consumer" "0.8.0"

"@tsconfig/node10@^1.0.7":
  "integrity" "sha512-6XFfSQmMgq0CFLY1MslA/CPUfhIL919M1rMsa5lP2P097N2Wd1sSX0tx1u4olM16fLNhtHZpRhedZJphNJqmZg=="
  "resolved" "https://registry.npmjs.org/@tsconfig/node10/-/node10-1.0.8.tgz"
  "version" "1.0.8"

"@tsconfig/node12@^1.0.7":
  "integrity" "sha512-/yBMcem+fbvhSREH+s14YJi18sp7J9jpuhYByADT2rypfajMZZN4WQ6zBGgBKp53NKmqI36wFYDb3yaMPurITw=="
  "resolved" "https://registry.npmjs.org/@tsconfig/node12/-/node12-1.0.9.tgz"
  "version" "1.0.9"

"@tsconfig/node14@^1.0.0":
  "integrity" "sha512-509r2+yARFfHHE7T6Puu2jjkoycftovhXRqW328PDXTVGKihlb1P8Z9mMZH04ebyajfRY7dedfGynlrFHJUQCg=="
  "resolved" "https://registry.npmjs.org/@tsconfig/node14/-/node14-1.0.1.tgz"
  "version" "1.0.1"

"@tsconfig/node16@^1.0.2":
  "integrity" "sha512-eZxlbI8GZscaGS7kkc/trHTT5xgrjH3/1n2JDwusC9iahPKWMRvRjJSAN5mCXviuTGQ/lHnhvv8Q1YTpnfz9gA=="
  "resolved" "https://registry.npmjs.org/@tsconfig/node16/-/node16-1.0.2.tgz"
  "version" "1.0.2"

"@types/body-parser@*":
  "integrity" "sha512-ALYone6pm6QmwZoAgeyNksccT9Q4AWZQ6PvfwR37GT6r6FWUPguq6sUmNGSMV2Wr761oQoBxwGGa6DR5o1DC9g=="
  "resolved" "https://registry.npmjs.org/@types/body-parser/-/body-parser-1.19.2.tgz"
  "version" "1.19.2"
  dependencies:
    "@types/connect" "*"
    "@types/node" "*"

"@types/connect@*":
  "integrity" "sha512-cdeYyv4KWoEgpBISTxWvqYsVy444DOqehiF3fM3ne10AmJ62RSyNkUnxMJXHQWRQQX2eR94m5y1IZyDwBjV9FQ=="
  "resolved" "https://registry.npmjs.org/@types/connect/-/connect-3.4.35.tgz"
  "version" "3.4.35"
  dependencies:
    "@types/node" "*"

"@types/express-serve-static-core@^4.17.18":
  "integrity" "sha512-OUJIVfRMFijZukGGwTpKNFprqCCXk5WjNGvUgB/CxxBR40QWSjsNK86+yvGKlCOGc7sbwfHLaXhkG+NsytwBaQ=="
  "resolved" "https://registry.npmjs.org/@types/express-serve-static-core/-/express-serve-static-core-4.17.25.tgz"
  "version" "4.17.25"
  dependencies:
    "@types/node" "*"
    "@types/qs" "*"
    "@types/range-parser" "*"

"@types/express@^4.17.13":
  "integrity" "sha512-6bSZTPaTIACxn48l50SR+axgrqm6qXFIxrdAKaG6PaJk3+zuUr35hBlgT7vOmJcum+OEaIBLtHV/qloEAFITeA=="
  "resolved" "https://registry.npmjs.org/@types/express/-/express-4.17.13.tgz"
  "version" "4.17.13"
  dependencies:
    "@types/body-parser" "*"
    "@types/express-serve-static-core" "^4.17.18"
    "@types/qs" "*"
    "@types/serve-static" "*"

"@types/mime@^1":
  "integrity" "sha512-YATxVxgRqNH6nHEIsvg6k2Boc1JHI9ZbH5iWFFv/MTkchz3b1ieGDa5T0a9RznNdI0KhVbdbWSN+KWWrQZRxTw=="
  "resolved" "https://registry.npmjs.org/@types/mime/-/mime-1.3.2.tgz"
  "version" "1.3.2"

"@types/node@*", "@types/node@^16.11.7":
  "integrity" "sha512-QB5D2sqfSjCmTuWcBWyJ+/44bcjO7VbjSbOE0ucoVbAsSNQc4Lt6QkgkVXkTDwkL4z/beecZNDvVX15D4P8Jbw=="
  "resolved" "https://registry.npmjs.org/@types/node/-/node-16.11.7.tgz"
  "version" "16.11.7"

"@types/qs@*":
  "integrity" "sha512-FGa1F62FT09qcrueBA6qYTrJPVDzah9a+493+o2PCXsesWHIn27G98TsSMs3WPNbZIEj4+VJf6saSFpvD+3Zsw=="
  "resolved" "https://registry.npmjs.org/@types/qs/-/qs-6.9.7.tgz"
  "version" "6.9.7"

"@types/range-parser@*":
  "integrity" "sha512-EEhsLsD6UsDM1yFhAvy0Cjr6VwmpMWqFBCb9w07wVugF7w9nfajxLuVmngTIpgS6svCnm6Vaw+MZhoDCKnOfsw=="
  "resolved" "https://registry.npmjs.org/@types/range-parser/-/range-parser-1.2.4.tgz"
  "version" "1.2.4"

"@types/serve-static@*":
  "integrity" "sha512-nCkHGI4w7ZgAdNkrEu0bv+4xNV/XDqW+DydknebMOQwkpDGx8G+HTlj7R7ABI8i8nKxVw0wtKPi1D+lPOkh4YQ=="
  "resolved" "https://registry.npmjs.org/@types/serve-static/-/serve-static-1.13.10.tgz"
  "version" "1.13.10"
  dependencies:
    "@types/mime" "^1"
    "@types/node" "*"

"accepts@~1.3.7":
  "integrity" "sha512-Il80Qs2WjYlJIBNzNkK6KYqlVMTbZLXgHx2oT0pU/fjRHyEp+PEfEPY0R3WCwAGVOtauxh1hOxNgIf5bv7dQpA=="
  "resolved" "https://registry.npmjs.org/accepts/-/accepts-1.3.7.tgz"
  "version" "1.3.7"
  dependencies:
    "mime-types" "~2.1.24"
    "negotiator" "0.6.2"

"acorn-walk@^8.1.1":
  "integrity" "sha512-k+iyHEuPgSw6SbuDpGQM+06HQUa04DZ3o+F6CSzXMvvI5KMvnaEqXe+YVe555R9nn6GPt404fos4wcgpw12SDA=="
  "resolved" "https://registry.npmjs.org/acorn-walk/-/acorn-walk-8.2.0.tgz"
  "version" "8.2.0"

"acorn@^8.4.1":
  "integrity" "sha512-yXbYeFy+jUuYd3/CDcg2NkIYE991XYX/bje7LmjJigUciaeO1JR4XxXgCIV1/Zc/dRuFEyw1L0pbA+qynJkW5Q=="
  "resolved" "https://registry.npmjs.org/acorn/-/acorn-8.5.0.tgz"
  "version" "8.5.0"

"arg@^4.1.0":
  "integrity" "sha512-58S9QDqG0Xx27YwPSt9fJxivjYl432YCwfDMfZ+71RAqUrZef7LrKQZ3LHLOwCS4FLNBplP533Zx895SeOCHvA=="
  "resolved" "https://registry.npmjs.org/arg/-/arg-4.1.3.tgz"
  "version" "4.1.3"

"array-flatten@1.1.1":
  "integrity" "sha1-ml9pkFGx5wczKPKgCJaLZOopVdI= sha512-PCVAQswWemu6UdxsDFFX/+gVeYqKAod3D3UVm91jHwynguOwAvYPhx8nNlM++NqRcK6CxxpUafjmhIdKiHibqg=="
  "resolved" "https://registry.npmjs.org/array-flatten/-/array-flatten-1.1.1.tgz"
  "version" "1.1.1"

"body-parser@1.19.0":
  "integrity" "sha512-dhEPs72UPbDnAQJ9ZKMNTP6ptJaionhP5cBb541nXPlW60Jepo9RV/a4fX4XWW9CuFNK22krhrj1+rgzifNCsw=="
  "resolved" "https://registry.npmjs.org/body-parser/-/body-parser-1.19.0.tgz"
  "version" "1.19.0"
  dependencies:
    "bytes" "3.1.0"
    "content-type" "~1.0.4"
    "debug" "2.6.9"
    "depd" "~1.1.2"
    "http-errors" "1.7.2"
    "iconv-lite" "0.4.24"
    "on-finished" "~2.3.0"
    "qs" "6.7.0"
    "raw-body" "2.4.0"
    "type-is" "~1.6.17"

"bytes@3.1.0":
  "integrity" "sha512-zauLjrfCG+xvoyaqLoV8bLVXXNGC4JqlxFCutSDWA6fJrTo2ZuvLYTqZ7aHBLZSMOopbzwv8f+wZcVzfVTI2Dg=="
  "resolved" "https://registry.npmjs.org/bytes/-/bytes-3.1.0.tgz"
  "version" "3.1.0"

"content-disposition@0.5.3":
  "integrity" "sha512-ExO0774ikEObIAEV9kDo50o+79VCUdEB6n6lzKgGwupcVeRlhrj3qGAfwq8G6uBJjkqLrhT0qEYFcWng8z1z0g=="
  "resolved" "https://registry.npmjs.org/content-disposition/-/content-disposition-0.5.3.tgz"
  "version" "0.5.3"
  dependencies:
    "safe-buffer" "5.1.2"

"content-type@~1.0.4":
  "integrity" "sha512-hIP3EEPs8tB9AT1L+NUqtwOAps4mk2Zob89MWXMHjHWg9milF/j4osnnQLXBCBFBk/tvIG/tUc9mOUJiPBhPXA=="
  "resolved" "https://registry.npmjs.org/content-type/-/content-type-1.0.4.tgz"
  "version" "1.0.4"

"cookie-signature@1.0.6":
  "integrity" "sha1-4wOogrNCzD7oylE6eZmXNNqzriw= sha512-QADzlaHc8icV8I7vbaJXJwod9HWYp8uCqf1xa4OfNu1T7JVxQIrUgOWtHdNDtPiywmFbiS12VjotIXLrKM3orQ=="
  "resolved" "https://registry.npmjs.org/cookie-signature/-/cookie-signature-1.0.6.tgz"
  "version" "1.0.6"

"cookie@0.4.0":
  "integrity" "sha512-+Hp8fLp57wnUSt0tY0tHEXh4voZRDnoIrZPqlo3DPiI4y9lwg/jqx+1Om94/W6ZaPDOUbnjOt/99w66zk+l1Xg=="
  "resolved" "https://registry.npmjs.org/cookie/-/cookie-0.4.0.tgz"
  "version" "0.4.0"

"cors@^2.8.5":
  "integrity" "sha512-KIHbLJqu73RGr/hnbrO9uBeixNGuvSQjul/jdFvS/KFSIH1hWVd1ng7zOHx+YrEfInLG7q4n6GHQ9cDtxv/P6g=="
  "resolved" "https://registry.npmjs.org/cors/-/cors-2.8.5.tgz"
  "version" "2.8.5"
  dependencies:
    "object-assign" "^4"
    "vary" "^1"

"create-require@^1.1.0":
  "integrity" "sha512-dcKFX3jn0MpIaXjisoRvexIJVEKzaq7z2rZKxf+MSr9TkdmHmsU4m2lcLojrj/FHl8mk5VxMmYA+ftRkP/3oKQ=="
  "resolved" "https://registry.npmjs.org/create-require/-/create-require-1.1.1.tgz"
  "version" "1.1.1"

"crypto-js@^3.3.0":
  "integrity" "sha512-DIT51nX0dCfKltpRiXV+/TVZq+Qq2NgF4644+K7Ttnla7zEzqc+kjJyiB96BHNyUTBxyjzRcZYpUdZa+QAqi6Q=="
  "resolved" "https://registry.npmjs.org/crypto-js/-/crypto-js-3.3.0.tgz"
  "version" "3.3.0"

"crypto@^1.0.1":
  "integrity" "sha512-VxBKmeNcqQdiUQUW2Tzq0t377b54N2bMtXO/qiLa+6eRRmmC4qT3D4OnTGoT/U6O9aklQ/jTwbOtRMTTY8G0Ig=="
  "resolved" "https://registry.npmjs.org/crypto/-/crypto-1.0.1.tgz"
  "version" "1.0.1"

"debug@2.6.9":
  "integrity" "sha512-bC7ElrdJaJnPbAP+1EotYvqZsb3ecl5wi6Bfi6BJTUcNowp6cvspg0jXznRTKDjm/E7AdgFBVeAPVMNcKGsHMA=="
  "resolved" "https://registry.npmjs.org/debug/-/debug-2.6.9.tgz"
  "version" "2.6.9"
  dependencies:
    "ms" "2.0.0"

"depd@~1.1.2":
  "integrity" "sha1-m81S4UwJd2PnSbJ0xDRu0uVgtak= sha512-7emPTl6Dpo6JRXOXjLRxck+FlLRX5847cLKEn00PLAgc3g2hTZZgr+e4c2v6QpSmLeFP3n5yUo7ft6avBK/5jQ=="
  "resolved" "https://registry.npmjs.org/depd/-/depd-1.1.2.tgz"
  "version" "1.1.2"

"destroy@~1.0.4":
  "integrity" "sha1-l4hXRCxEdJ5CBmE+N5RiBYJqvYA= sha512-3NdhDuEXnfun/z7x9GOElY49LoqVHoGScmOKwmxhsS8N5Y+Z8KyPPDnaSzqWgYt/ji4mqwfTS34Htrk0zPIXVg=="
  "resolved" "https://registry.npmjs.org/destroy/-/destroy-1.0.4.tgz"
  "version" "1.0.4"

"diff@^4.0.1":
  "integrity" "sha512-58lmxKSA4BNyLz+HHMUzlOEpg09FV+ev6ZMe3vJihgdxzgcwZ8VoEEPmALCZG9LmqfVoNMMKpttIYTVG6uDY7A=="
  "resolved" "https://registry.npmjs.org/diff/-/diff-4.0.2.tgz"
  "version" "4.0.2"

"dotenv@^10.0.0":
  "integrity" "sha512-rlBi9d8jpv9Sf1klPjNfFAuWDjKLwTIJJ/VxtoTwIR6hnZxcEOQCZg2oIL3MWBYw5GpUDKOEnND7LXTbIpQ03Q=="
  "resolved" "https://registry.npmjs.org/dotenv/-/dotenv-10.0.0.tgz"
  "version" "10.0.0"

"dotenv@^8.2.0":
  "integrity" "sha512-IrPdXQsk2BbzvCBGBOTmmSH5SodmqZNt4ERAZDmW4CT+tL8VtvinqywuANaFu4bOMWki16nqf0e4oC0QIaDr/g=="
  "resolved" "https://registry.npmjs.org/dotenv/-/dotenv-8.6.0.tgz"
  "version" "8.6.0"

"ee-first@1.1.1":
  "integrity" "sha1-WQxhFWsK4vTwJVcyoViyZrxWsh0= sha512-WMwm9LhRUo+WUaRN+vRuETqG89IgZphVSNkdFgeb6sS/E4OrDIN7t48CAewSHXc6C8lefD8KKfr5vY61brQlow=="
  "resolved" "https://registry.npmjs.org/ee-first/-/ee-first-1.1.1.tgz"
  "version" "1.1.1"

"encodeurl@~1.0.2":
  "integrity" "sha1-rT/0yG7C0CkyL1oCw6mmBslbP1k= sha512-TPJXq8JqFaVYm2CWmPvnP2Iyo4ZSM7/QKcSmuMLDObfpH5fi7RUGmd/rTDf+rut/saiDiQEeVTNgAmJEdAOx0w=="
  "resolved" "https://registry.npmjs.org/encodeurl/-/encodeurl-1.0.2.tgz"
  "version" "1.0.2"

"escape-html@~1.0.3":
  "integrity" "sha1-Aljq5NPQwJdN4cFpGI7wBR0dGYg= sha512-NiSupZ4OeuGwr68lGIeym/ksIZMJodUGOSCZ/FSnTxcrekbvqrgdUxlJOMpijaKZVjAJrWrGs/6Jy8OMuyj9ow=="
  "resolved" "https://registry.npmjs.org/escape-html/-/escape-html-1.0.3.tgz"
  "version" "1.0.3"

"etag@~1.8.1":
  "integrity" "sha1-Qa4u62XvpiJorr/qg6x9eSmbCIc= sha512-aIL5Fx7mawVa300al2BnEE4iNvo1qETxLrPI/o05L7z6go7fCw1J6EQmbK4FmJ2AS7kgVF/KEZWufBfdClMcPg=="
  "resolved" "https://registry.npmjs.org/etag/-/etag-1.8.1.tgz"
  "version" "1.8.1"

"express@^4.17.1":
  "integrity" "sha512-mHJ9O79RqluphRrcw2X/GTh3k9tVv8YcoyY4Kkh4WDMUYKRZUq0h1o0w2rrrxBqM7VoeUVqgb27xlEMXTnYt4g=="
  "resolved" "https://registry.npmjs.org/express/-/express-4.17.1.tgz"
  "version" "4.17.1"
  dependencies:
    "accepts" "~1.3.7"
    "array-flatten" "1.1.1"
    "body-parser" "1.19.0"
    "content-disposition" "0.5.3"
    "content-type" "~1.0.4"
    "cookie" "0.4.0"
    "cookie-signature" "1.0.6"
    "debug" "2.6.9"
    "depd" "~1.1.2"
    "encodeurl" "~1.0.2"
    "escape-html" "~1.0.3"
    "etag" "~1.8.1"
    "finalhandler" "~1.1.2"
    "fresh" "0.5.2"
    "merge-descriptors" "1.0.1"
    "methods" "~1.1.2"
    "on-finished" "~2.3.0"
    "parseurl" "~1.3.3"
    "path-to-regexp" "0.1.7"
    "proxy-addr" "~2.0.5"
    "qs" "6.7.0"
    "range-parser" "~1.2.1"
    "safe-buffer" "5.1.2"
    "send" "0.17.1"
    "serve-static" "1.14.1"
    "setprototypeof" "1.1.1"
    "statuses" "~1.5.0"
    "type-is" "~1.6.18"
    "utils-merge" "1.0.1"
    "vary" "~1.1.2"

"finalhandler@~1.1.2":
  "integrity" "sha512-aAWcW57uxVNrQZqFXjITpW3sIUQmHGG3qSb9mUah9MgMC4NeWhNOlNjXEYq3HjRAvL6arUviZGGJsBg6z0zsWA=="
  "resolved" "https://registry.npmjs.org/finalhandler/-/finalhandler-1.1.2.tgz"
  "version" "1.1.2"
  dependencies:
    "debug" "2.6.9"
    "encodeurl" "~1.0.2"
    "escape-html" "~1.0.3"
    "on-finished" "~2.3.0"
    "parseurl" "~1.3.3"
    "statuses" "~1.5.0"
    "unpipe" "~1.0.0"

"forwarded@0.2.0":
  "integrity" "sha512-buRG0fpBtRHSTCOASe6hD258tEubFoRLb4ZNA6NxMVHNw2gOcwHo9wyablzMzOA5z9xA9L1KNjk/Nt6MT9aYow=="
  "resolved" "https://registry.npmjs.org/forwarded/-/forwarded-0.2.0.tgz"
  "version" "0.2.0"

"fresh@0.5.2":
  "integrity" "sha1-PYyt2Q2XZWn6g1qx+OSyOhBWBac= sha512-zJ2mQYM18rEFOudeV4GShTGIQ7RbzA7ozbU9I/XBpm7kqgMywgmylMwXHxZJmkVoYkna9d2pVXVXPdYTP9ej8Q=="
  "resolved" "https://registry.npmjs.org/fresh/-/fresh-0.5.2.tgz"
  "version" "0.5.2"

"handlebars@^4.7.3":
  "integrity" "sha512-aAcXm5OAfE/8IXkcZvCepKU3VzW1/39Fb5ZuqMtgI/hT8X2YgoMvBY5dLhq/cpOvw7Lk1nK/UF71aLG/ZnVYRA=="
  "resolved" "https://registry.npmjs.org/handlebars/-/handlebars-4.7.7.tgz"
  "version" "4.7.7"
  dependencies:
    "minimist" "^1.2.5"
    "neo-async" "^2.6.0"
    "source-map" "^0.6.1"
    "wordwrap" "^1.0.0"
  optionalDependencies:
    "uglify-js" "^3.1.4"

"http-errors@~1.7.2", "http-errors@1.7.2":
  "integrity" "sha512-uUQBt3H/cSIVfch6i1EuPNy/YsRSOUBXTVfZ+yR7Zjez3qjBz6i9+i4zjNaoqcoFVI4lQJ5plg63TvGfRSDCRg=="
  "resolved" "https://registry.npmjs.org/http-errors/-/http-errors-1.7.2.tgz"
  "version" "1.7.2"
  dependencies:
    "depd" "~1.1.2"
    "inherits" "2.0.3"
    "setprototypeof" "1.1.1"
    "statuses" ">= 1.5.0 < 2"
    "toidentifier" "1.0.0"

"iconv-lite@0.4.24":
  "integrity" "sha512-v3MXnZAcvnywkTUEZomIActle7RXXeedOR31wwl7VlyoXO4Qi9arvSenNQWne1TcRwhCL1HwLI21bEqdpj8/rA=="
  "resolved" "https://registry.npmjs.org/iconv-lite/-/iconv-lite-0.4.24.tgz"
  "version" "0.4.24"
  dependencies:
    "safer-buffer" ">= 2.1.2 < 3"

"inherits@2.0.3":
  "integrity" "sha1-Yzwsg+PaQqUC9SRmAiSA9CCCYd4= sha512-x00IRNXNy63jwGkJmzPigoySHbaqpNuzKbBOmzK+g2OdZpQ9w+sxCN+VSB3ja7IAge2OP2qpfxTjeNcyjmW1uw=="
  "resolved" "https://registry.npmjs.org/inherits/-/inherits-2.0.3.tgz"
  "version" "2.0.3"

"ipaddr.js@1.9.1":
  "integrity" "sha512-0KI/607xoxSToH7GjN1FfSbLoU0+btTicjsQSWQlh/hZykN8KpmMf7uYwPW3R+akZ6R/w18ZlXSHBYXiYUPO3g=="
  "resolved" "https://registry.npmjs.org/ipaddr.js/-/ipaddr.js-1.9.1.tgz"
  "version" "1.9.1"

"lodash.defaultsdeep@^4.6.1":
  "integrity" "sha512-3j8wdDzYuWO3lM3Reg03MuQR957t287Rpcxp1njpEa8oDrikb+FwGdW3n+FELh/A6qib6yPit0j/pv9G/yeAqA=="
  "resolved" "https://registry.npmjs.org/lodash.defaultsdeep/-/lodash.defaultsdeep-4.6.1.tgz"
  "version" "4.6.1"

"make-error@^1.1.1":
  "integrity" "sha512-s8UhlNe7vPKomQhC1qFelMokr/Sc3AgNbso3n74mVPA5LTZwkB9NlXf4XPamLxJE8h0gh73rM94xvwRT2CVInw=="
  "resolved" "https://registry.npmjs.org/make-error/-/make-error-1.3.6.tgz"
  "version" "1.3.6"

"media-typer@0.3.0":
  "integrity" "sha1-hxDXrwqmJvj/+hzgAWhUUmMlV0g= sha512-dq+qelQ9akHpcOl/gUVRTxVIOkAJ1wR3QAvb4RsVjS8oVoFjDGTc679wJYmUmknUF5HwMLOgb5O+a3KxfWapPQ=="
  "resolved" "https://registry.npmjs.org/media-typer/-/media-typer-0.3.0.tgz"
  "version" "0.3.0"

"merge-descriptors@1.0.1":
  "integrity" "sha1-sAqqVW3YtEVoFQ7J0blT8/kMu2E= sha512-cCi6g3/Zr1iqQi6ySbseM1Xvooa98N0w31jzUYrXPX2xqObmFGHJ0tQ5u74H3mVh7wLouTseZyYIq39g8cNp1w=="
  "resolved" "https://registry.npmjs.org/merge-descriptors/-/merge-descriptors-1.0.1.tgz"
  "version" "1.0.1"

"methods@~1.1.2":
  "integrity" "sha1-VSmk1nZUE07cxSZmVoNbD4Ua/O4= sha512-iclAHeNqNm68zFtnZ0e+1L2yUIdvzNoauKU4WBA3VvH/vPFieF7qfRlwUZU+DA9P9bPXIS90ulxoUoCH23sV2w=="
  "resolved" "https://registry.npmjs.org/methods/-/methods-1.1.2.tgz"
  "version" "1.1.2"

"mime-db@1.51.0":
  "integrity" "sha512-5y8A56jg7XVQx2mbv1lu49NR4dokRnhZYTtL+KGfaa27uq4pSTXkwQkFJl4pkRMyNFz/EtYDSkiiEHx3F7UN6g=="
  "resolved" "https://registry.npmjs.org/mime-db/-/mime-db-1.51.0.tgz"
  "version" "1.51.0"

"mime-types@~2.1.24":
  "integrity" "sha512-6cP692WwGIs9XXdOO4++N+7qjqv0rqxxVvJ3VHPh/Sc9mVZcQP+ZGhkKiTvWMQRr2tbHkJP/Yn7Y0npb3ZBs4A=="
  "resolved" "https://registry.npmjs.org/mime-types/-/mime-types-2.1.34.tgz"
  "version" "2.1.34"
  dependencies:
    "mime-db" "1.51.0"

"mime@1.6.0":
  "integrity" "sha512-x0Vn8spI+wuJ1O6S7gnbaQg8Pxh4NNHb7KSINmEWKiPE4RKOplvijn+NkmYmmRgP68mc70j2EbeTFRsrswaQeg=="
  "resolved" "https://registry.npmjs.org/mime/-/mime-1.6.0.tgz"
  "version" "1.6.0"

"minimist@^1.2.5":
  "integrity" "sha512-Jsjnk4bw3YJqYzbdyBiNsPWHPfO++UGG749Cxs6peCu5Xg4nrena6OVxOYxrQTqww0Jmwt+Ref8rggumkTLz9Q=="
  "resolved" "https://registry.npmjs.org/minimist/-/minimist-1.2.6.tgz"
  "version" "1.2.6"

"ms@2.0.0":
  "integrity" "sha1-VgiurfwAvmwpAd9fmGF4jeDVl8g= sha512-Tpp60P6IUJDTuOq/5Z8cdskzJujfwqfOTkrwIwj7IRISpnkJnT6SyJ4PCPnGMoFjC9ddhal5KVIYtAt97ix05A=="
  "resolved" "https://registry.npmjs.org/ms/-/ms-2.0.0.tgz"
  "version" "2.0.0"

"ms@2.1.1":
  "integrity" "sha512-tgp+dl5cGk28utYktBsrFqA7HKgrhgPsg6Z/EfhWI4gl1Hwq8B/GmY/0oXZ6nF8hDVesS/FpnYaD/kOWhYQvyg=="
  "resolved" "https://registry.npmjs.org/ms/-/ms-2.1.1.tgz"
  "version" "2.1.1"

"ncrypt-js@^2.0.0":
  "integrity" "sha512-zkgSpy1jgiRxjMuGKpD0QjjXqs+lCtt7XhgPKWlvwii3sIBpxOYQiGRv+fIZ6SBu63U4I9FY+0mYeqpbMVe08A=="
  "resolved" "https://registry.npmjs.org/ncrypt-js/-/ncrypt-js-2.0.0.tgz"
  "version" "2.0.0"
  dependencies:
    "crypto" "^1.0.1"
    "dotenv" "^8.2.0"
    "handlebars" "^4.7.3"
    "simple-crypto-js" "^2.2.0"

"negotiator@0.6.2":
  "integrity" "sha512-hZXc7K2e+PgeI1eDBe/10Ard4ekbfrrqG8Ep+8Jmf4JID2bNg7NvCPOZN+kfF574pFQI7mum2AUqDidoKqcTOw=="
  "resolved" "https://registry.npmjs.org/negotiator/-/negotiator-0.6.2.tgz"
  "version" "0.6.2"

"neo-async@^2.6.0":
  "integrity" "sha512-Yd3UES5mWCSqR+qNT93S3UoYUkqAZ9lLg8a7g9rimsWmYGK8cVToA4/sF3RrshdyV3sAGMXVUmpMYOw+dLpOuw=="
  "resolved" "https://registry.npmjs.org/neo-async/-/neo-async-2.6.2.tgz"
  "version" "2.6.2"

"node-fetch@^2.3.0", "node-fetch@^2.6.1", "node-fetch@2.6.7":
  "integrity" "sha512-ZjMPFEfVx5j+y2yF35Kzx5sF7kDzxuDj6ziH4FFbOp87zKDZNx8yExJIb05OGF4Nlt9IHFIMBkRl41VdvcNdbQ=="
  "resolved" "https://registry.npmjs.org/node-fetch/-/node-fetch-2.6.7.tgz"
  "version" "2.6.7"
  dependencies:
    "whatwg-url" "^5.0.0"

"object-assign@^4":
  "integrity" "sha1-IQmtx5ZYh8/AXLvUQsrIv7s2CGM= sha512-rJgTQnkUnH1sFw8yT6VSU3zD3sWmu6sZhIseY8VX+GRu3P6F7Fu+JNDoXfklElbLJSnc3FUQHVe4cU5hj+BcUg=="
  "resolved" "https://registry.npmjs.org/object-assign/-/object-assign-4.1.1.tgz"
  "version" "4.1.1"

"on-finished@~2.3.0":
  "integrity" "sha1-IPEzZIGwg811M3mSoWlxqi2QaUc= sha512-ikqdkGAAyf/X/gPhXGvfgAytDZtDbr+bkNUJ0N9h5MI/dmdgCs3l6hoHrcUv41sRKew3jIwrp4qQDXiK99Utww=="
  "resolved" "https://registry.npmjs.org/on-finished/-/on-finished-2.3.0.tgz"
  "version" "2.3.0"
  dependencies:
    "ee-first" "1.1.1"

"parseurl@~1.3.3":
  "integrity" "sha512-CiyeOxFT/JZyN5m0z9PfXw4SCBJ6Sygz1Dpl0wqjlhDEGGBP1GnsUVEL0p63hoG1fcj3fHynXi9NYO4nWOL+qQ=="
  "resolved" "https://registry.npmjs.org/parseurl/-/parseurl-1.3.3.tgz"
  "version" "1.3.3"

"path-to-regexp@0.1.7":
  "integrity" "sha1-32BBeABfUi8V60SQ5yR6G/qmf4w= sha512-5DFkuoqlv1uYQKxy8omFBeJPQcdoE07Kv2sferDCrAq1ohOU+MSDswDIbnx3YAM60qIOnYa53wBhXW0EbMonrQ=="
  "resolved" "https://registry.npmjs.org/path-to-regexp/-/path-to-regexp-0.1.7.tgz"
  "version" "0.1.7"

"proxy-addr@~2.0.5":
  "integrity" "sha512-llQsMLSUDUPT44jdrU/O37qlnifitDP+ZwrmmZcoSKyLKvtZxpyV0n2/bD/N4tBAAZ/gJEdZU7KMraoK1+XYAg=="
  "resolved" "https://registry.npmjs.org/proxy-addr/-/proxy-addr-2.0.7.tgz"
  "version" "2.0.7"
  dependencies:
    "forwarded" "0.2.0"
    "ipaddr.js" "1.9.1"

"qs@6.7.0":
  "integrity" "sha512-VCdBRNFTX1fyE7Nb6FYoURo/SPe62QCaAyzJvUjwRaIsc+NePBEniHlvxFmmX56+HZphIGtV0XeCirBtpDrTyQ=="
  "resolved" "https://registry.npmjs.org/qs/-/qs-6.7.0.tgz"
  "version" "6.7.0"

"qss@^2.0.3":
  "integrity" "sha512-j48ZBT5IZbSqJiSU8EX4XrN8nXiflHvmMvv2XpFc31gh7n6EpSs75bNr6+oj3FOLWyT8m09pTmqLNl34L7/uPQ=="
  "resolved" "https://registry.npmjs.org/qss/-/qss-2.0.3.tgz"
  "version" "2.0.3"

"querystring@^0.2.1":
  "integrity" "sha512-wkvS7mL/JMugcup3/rMitHmd9ecIGd2lhFhK9N3UUQ450h66d1r3Y9nvXzQAW1Lq+wyx61k/1pfKS5KuKiyEbg=="
  "resolved" "https://registry.npmjs.org/querystring/-/querystring-0.2.1.tgz"
  "version" "0.2.1"

"range-parser@~1.2.1":
  "integrity" "sha512-Hrgsx+orqoygnmhFbKaHE6c296J+HTAQXoxEF6gNupROmmGJRoyzfG3ccAveqCBrwr/2yxQ5BVd/GTl5agOwSg=="
  "resolved" "https://registry.npmjs.org/range-parser/-/range-parser-1.2.1.tgz"
  "version" "1.2.1"

"raw-body@2.4.0":
  "integrity" "sha512-4Oz8DUIwdvoa5qMJelxipzi/iJIi40O5cGV1wNYp5hvZP8ZN0T+jiNkL0QepXs+EsQ9XJ8ipEDoiH70ySUJP3Q=="
  "resolved" "https://registry.npmjs.org/raw-body/-/raw-body-2.4.0.tgz"
  "version" "2.4.0"
  dependencies:
    "bytes" "3.1.0"
    "http-errors" "1.7.2"
    "iconv-lite" "0.4.24"
    "unpipe" "1.0.0"

"safe-buffer@5.1.2":
  "integrity" "sha512-Gd2UZBJDkXlY7GbJxfsE8/nvKkUEU1G38c1siN6QP6a9PT9MmHB8GnpscSmMJSoF8LOIrt8ud/wPtojys4G6+g=="
  "resolved" "https://registry.npmjs.org/safe-buffer/-/safe-buffer-5.1.2.tgz"
  "version" "5.1.2"

"safer-buffer@>= 2.1.2 < 3":
  "integrity" "sha512-YZo3K82SD7Riyi0E1EQPojLz7kpepnSQI9IyPbHHg1XXXevb5dJI7tpyN2ADxGcQbHG7vcyRHk0cbwqcQriUtg=="
  "resolved" "https://registry.npmjs.org/safer-buffer/-/safer-buffer-2.1.2.tgz"
  "version" "2.1.2"

"send@0.17.1":
  "integrity" "sha512-BsVKsiGcQMFwT8UxypobUKyv7irCNRHk1T0G680vk88yf6LBByGcZJOTJCrTP2xVN6yI+XjPJcNuE3V4fT9sAg=="
  "resolved" "https://registry.npmjs.org/send/-/send-0.17.1.tgz"
  "version" "0.17.1"
  dependencies:
    "debug" "2.6.9"
    "depd" "~1.1.2"
    "destroy" "~1.0.4"
    "encodeurl" "~1.0.2"
    "escape-html" "~1.0.3"
    "etag" "~1.8.1"
    "fresh" "0.5.2"
    "http-errors" "~1.7.2"
    "mime" "1.6.0"
    "ms" "2.1.1"
    "on-finished" "~2.3.0"
    "range-parser" "~1.2.1"
    "statuses" "~1.5.0"

"serve-static@1.14.1":
  "integrity" "sha512-JMrvUwE54emCYWlTI+hGrGv5I8dEwmco/00EvkzIIsR7MqrHonbD9pO2MOfFnpFntl7ecpZs+3mW+XbQZu9QCg=="
  "resolved" "https://registry.npmjs.org/serve-static/-/serve-static-1.14.1.tgz"
  "version" "1.14.1"
  dependencies:
    "encodeurl" "~1.0.2"
    "escape-html" "~1.0.3"
    "parseurl" "~1.3.3"
    "send" "0.17.1"

"setprototypeof@1.1.1":
  "integrity" "sha512-JvdAWfbXeIGaZ9cILp38HntZSFSo3mWg6xGcJJsd+d4aRMOqauag1C63dJfDw7OaMYwEbHMOxEZ1lqVRYP2OAw=="
  "resolved" "https://registry.npmjs.org/setprototypeof/-/setprototypeof-1.1.1.tgz"
  "version" "1.1.1"

"simple-crypto-js@^2.2.0":
  "integrity" "sha512-tcuqHfdImC7lokpo3TVrdtgkf1GSLvM+JPv4ZUu0BVrhyVXBAf3Mo8zQFUXHPbzCruJjv1tcn3gWEZY8CoJOGQ=="
  "resolved" "https://registry.npmjs.org/simple-crypto-js/-/simple-crypto-js-2.5.0.tgz"
  "version" "2.5.0"
  dependencies:
    "crypto-js" "^3.3.0"

"source-map@^0.6.1":
  "integrity" "sha512-UjgapumWlbMhkBgzT7Ykc5YXUT46F0iKu8SGXq0bcwP5dz/h0Plj6enJqjz1Zbq2l5WaqYnrVbwWOWMyF3F47g=="
  "resolved" "https://registry.npmjs.org/source-map/-/source-map-0.6.1.tgz"
  "version" "0.6.1"

"statuses@>= 1.5.0 < 2", "statuses@~1.5.0":
  "integrity" "sha1-Fhx9rBd2Wf2YEfQ3cfqZOBR4Yow= sha512-OpZ3zP+jT1PI7I8nemJX4AKmAX070ZkYPVWV/AaKTJl+tXCTGyVdC1a4SL8RUQYEwk/f34ZX8UTykN68FwrqAA=="
  "resolved" "https://registry.npmjs.org/statuses/-/statuses-1.5.0.tgz"
  "version" "1.5.0"

"toidentifier@1.0.0":
  "integrity" "sha512-yaOH/Pk/VEhBWWTlhI+qXxDFXlejDGcQipMlyxda9nthulaxLZUNcUqFxokp0vcYnvteJln5FNQDRrxj3YcbVw=="
  "resolved" "https://registry.npmjs.org/toidentifier/-/toidentifier-1.0.0.tgz"
  "version" "1.0.0"

"tr46@~0.0.3":
  "integrity" "sha1-gYT9NH2snNwYWZLzpmIuFLnZq2o= sha512-N3WMsuqV66lT30CrXNbEjx4GEwlow3v6rr4mCcv6prnfwhS01rkgyFdjPNBYd9br7LpXV1+Emh01fHnq2Gdgrw=="
  "resolved" "https://registry.npmjs.org/tr46/-/tr46-0.0.3.tgz"
  "version" "0.0.3"

"ts-node@^10.4.0":
  "integrity" "sha512-g0FlPvvCXSIO1JDF6S232P5jPYqBkRL9qly81ZgAOSU7rwI0stphCgd2kLiCrU9DjQCrJMWEqcNSjQL02s6d8A=="
  "resolved" "https://registry.npmjs.org/ts-node/-/ts-node-10.4.0.tgz"
  "version" "10.4.0"
  dependencies:
    "@cspotcode/source-map-support" "0.7.0"
    "@tsconfig/node10" "^1.0.7"
    "@tsconfig/node12" "^1.0.7"
    "@tsconfig/node14" "^1.0.0"
    "@tsconfig/node16" "^1.0.2"
    "acorn" "^8.4.1"
    "acorn-walk" "^8.1.1"
    "arg" "^4.1.0"
    "create-require" "^1.1.0"
    "diff" "^4.0.1"
    "make-error" "^1.1.1"
    "yn" "3.1.1"

"type-is@~1.6.17", "type-is@~1.6.18":
  "integrity" "sha512-TkRKr9sUTxEH8MdfuCSP7VizJyzRNMjj2J2do2Jr3Kym598JVdEksuzPQCnlFPW4ky9Q+iA+ma9BGm06XQBy8g=="
  "resolved" "https://registry.npmjs.org/type-is/-/type-is-1.6.18.tgz"
  "version" "1.6.18"
  dependencies:
    "media-typer" "0.3.0"
    "mime-types" "~2.1.24"

"typescript@^4.4.4", "typescript@>=2.7":
  "integrity" "sha512-DqGhF5IKoBl8WNf8C1gu8q0xZSInh9j1kJJMqT3a94w1JzVaBU4EXOSMrz9yDqMT0xt3selp83fuFMQ0uzv6qA=="
  "resolved" "https://registry.npmjs.org/typescript/-/typescript-4.4.4.tgz"
  "version" "4.4.4"

"uglify-js@^3.1.4":
  "integrity" "sha512-AbiSR44J0GoCeV81+oxcy/jDOElO2Bx3d0MfQCUShq7JRXaM4KtQopZsq2vFv8bCq2yMaGrw1FgygUd03RyRDA=="
  "resolved" "https://registry.npmjs.org/uglify-js/-/uglify-js-3.14.4.tgz"
  "version" "3.14.4"

"unpipe@~1.0.0", "unpipe@1.0.0":
  "integrity" "sha1-sr9O6FFKrmFltIF4KdIbLvSZBOw= sha512-pjy2bYhSsufwWlKwPc+l3cN7+wuJlK6uz0YdJEOlQDbl6jo/YlPi4mb8agUkVC8BF7V8NuzeyPNqRksA3hztKQ=="
  "resolved" "https://registry.npmjs.org/unpipe/-/unpipe-1.0.0.tgz"
  "version" "1.0.0"

"utils-merge@1.0.1":
  "integrity" "sha1-n5VxD1CiZ5R7LMwSR0HBAoQn5xM= sha512-pMZTvIkT1d+TFGvDOqodOclx0QWkkgi6Tdoa8gC8ffGAAqz9pzPTZWAybbsHHoED/ztMtkv/VoYTYyShUn81hA=="
  "resolved" "https://registry.npmjs.org/utils-merge/-/utils-merge-1.0.1.tgz"
  "version" "1.0.1"

"vary@^1", "vary@~1.1.2":
  "integrity" "sha1-IpnwLG3tMNSllhsLn3RSShj2NPw= sha512-BNGbWLfd0eUPabhkXUVm0j8uuvREyTh5ovRa/dyow/BqAbZJyC+5fU+IzQOzmAKzYqYRAISoRhdQr3eIZ/PXqg=="
  "resolved" "https://registry.npmjs.org/vary/-/vary-1.1.2.tgz"
  "version" "1.1.2"

"webidl-conversions@^3.0.0":
  "integrity" "sha1-JFNCdeKnvGvnvIZhHMFq4KVlSHE= sha512-2JAn3z8AR6rjK8Sm8orRC0h/bcl/DqL7tRPdGZ4I1CjdF+EaMLmYxBHyXuKL849eucPFhvBoxMsflfOb8kxaeQ=="
  "resolved" "https://registry.npmjs.org/webidl-conversions/-/webidl-conversions-3.0.1.tgz"
  "version" "3.0.1"

"whatwg-url@^5.0.0":
  "integrity" "sha1-lmRU6HZUYuN2RNNib2dCzotwll0= sha512-saE57nupxk6v3HY35+jzBwYa0rKSy0XR8JSxZPwgLr7ys0IBzhGviA1/TUGJLmSVqs8pb9AnvICXEuOHLprYTw=="
  "resolved" "https://registry.npmjs.org/whatwg-url/-/whatwg-url-5.0.0.tgz"
  "version" "5.0.0"
  dependencies:
    "tr46" "~0.0.3"
    "webidl-conversions" "^3.0.0"

"wordwrap@^1.0.0":
  "integrity" "sha1-J1hIEIkUVqQXHI0CJkQa3pDLyus= sha512-gvVzJFlPycKc5dZN4yPkP8w7Dc37BtP1yczEneOb4uq34pXZcvrtRTmWV8W+Ume+XCxKgbjM+nevkyFPMybd4Q=="
  "resolved" "https://registry.npmjs.org/wordwrap/-/wordwrap-1.0.0.tgz"
  "version" "1.0.0"

"yn@3.1.1":
  "integrity" "sha512-Ux4ygGWsu2c7isFWe8Yu1YluJmqVhxqK2cLXNQA5AcC3QfbGNpM7fu0Y8b/z16pXLnFxZYvWhd3fhBY9DLmC6Q=="
  "resolved" "https://registry.npmjs.org/yn/-/yn-3.1.1.tgz"
  "version" "3.1.1"
